
Microsoft Visual Studio Solution File, Format Version 12.00
# Visual Studio Version 17
VisualStudioVersion = 17.12.35527.113
MinimumVisualStudioVersion = 10.0.40219.1
Project("{FAE04EC0-301F-11D3-BF4B-00C04F79EFBC}") = "Demo_Product", "Demo_Product\Demo_Product.csproj", "{DF38EF36-4890-4E82-B2A3-354415570496}"
EndProject
Project("{FAE04EC0-301F-11D3-BF4B-00C04F79EFBC}") = "EntityLayer", "EntityLayer\EntityLayer.csproj", "{B852365B-DA91-4F57-B079-5222C4036946}"
EndProject
Project("{FAE04EC0-301F-11D3-BF4B-00C04F79EFBC}") = "DataAccessLayer", "DataAccessLayer\DataAccessLayer.csproj", "{34AB1326-3339-4833-961D-771D6ED0E963}"
EndProject
Project("{FAE04EC0-301F-11D3-BF4B-00C04F79EFBC}") = "BusinessLayer", "BusinessLayer\BusinessLayer.csproj", "{BDA19BE2-64BA-4FD2-928C-53A2254A0F72}"
EndProject
Global
	GlobalSection(SolutionConfigurationPlatforms) = preSolution
		Debug|Any CPU = Debug|Any CPU
		Release|Any CPU = Release|Any CPU
	EndGlobalSection
	GlobalSection(ProjectConfigurationPlatforms) = postSolution
		{DF38EF36-4890-4E82-B2A3-354415570496}.Debug|Any CPU.ActiveCfg = Debug|Any CPU
		{DF38EF36-4890-4E82-B2A3-354415570496}.Debug|Any CPU.Build.0 = Debug|Any CPU
		{DF38EF36-4890-4E82-B2A3-354415570496}.Release|Any CPU.ActiveCfg = Release|Any CPU
		{DF38EF36-4890-4E82-B2A3-354415570496}.Release|Any CPU.Build.0 = Release|Any CPU
		{B852365B-DA91-4F57-B079-5222C4036946}.Debug|Any CPU.ActiveCfg = Debug|Any CPU
		{B852365B-DA91-4F57-B079-5222C4036946}.Debug|Any CPU.Build.0 = Debug|Any CPU
		{B852365B-DA91-4F57-B079-5222C4036946}.Release|Any CPU.ActiveCfg = Release|Any CPU
		{B852365B-DA91-4F57-B079-5222C4036946}.Release|Any CPU.Build.0 = Release|Any CPU
		{34AB1326-3339-4833-961D-771D6ED0E963}.Debug|Any CPU.ActiveCfg = Debug|Any CPU
		{34AB1326-3339-4833-961D-771D6ED0E963}.Debug|Any CPU.Build.0 = Debug|Any CPU
		{34AB1326-3339-4833-961D-771D6ED0E963}.Release|Any CPU.ActiveCfg = Release|Any CPU
		{34AB1326-3339-4833-961D-771D6ED0E963}.Release|Any CPU.Build.0 = Release|Any CPU
		{BDA19BE2-64BA-4FD2-928C-53A2254A0F72}.Debug|Any CPU.ActiveCfg = Debug|Any CPU
		{BDA19BE2-64BA-4FD2-928C-53A2254A0F72}.Debug|Any CPU.Build.0 = Debug|Any CPU
		{BDA19BE2-64BA-4FD2-928C-53A2254A0F72}.Release|Any CPU.ActiveCfg = Release|Any CPU
		{BDA19BE2-64BA-4FD2-928C-53A2254A0F72}.Release|Any CPU.Build.0 = Release|Any CPU
	EndGlobalSection
	GlobalSection(SolutionProperties) = preSolution
		HideSolutionNode = FALSE
	EndGlobalSection
EndGlobal
